<?xml version="1.0" encoding="utf-8"?>
<Project ToolsVersion="4.0" xmlns="http://schemas.microsoft.com/developer/msbuild/2003">
  <ItemGroup>
    <Filter Include="Source Files">
      <UniqueIdentifier>{4FC737F1-C7A5-4376-A066-2A32D752A2FF}</UniqueIdentifier>
      <Extensions>cpp;c;cc;cxx;c++;cppm;ixx;def;odl;idl;hpj;bat;asm;asmx</Extensions>
    </Filter>
    <Filter Include="Header Files">
      <UniqueIdentifier>{93995380-89BD-4b04-88EB-625FBE52EBFB}</UniqueIdentifier>
      <Extensions>h;hh;hpp;hxx;h++;hm;inl;inc;ipp;xsd</Extensions>
    </Filter>
    <Filter Include="Resource Files">
      <UniqueIdentifier>{67DA6AB6-F800-4c08-8B7A-83BB121AAD01}</UniqueIdentifier>
      <Extensions>rc;ico;cur;bmp;dlg;rc2;rct;bin;rgs;gif;jpg;jpeg;jpe;resx;tiff;tif;png;wav;mfcribbon-ms</Extensions>
    </Filter>
    <Filter Include="Header Files\Hooks">
      <UniqueIdentifier>{76f0cfc7-31a0-4d15-89ab-5033485dec7b}</UniqueIdentifier>
    </Filter>
    <Filter Include="Source Files\Hooks">
      <UniqueIdentifier>{59df28c4-53d9-4c57-9684-5ae7c4d7c766}</UniqueIdentifier>
    </Filter>
    <Filter Include="Header Files\GameClasses">
      <UniqueIdentifier>{b170706a-eca6-44b8-84d0-10e7904e3503}</UniqueIdentifier>
    </Filter>
    <Filter Include="Source Files\GameClasses">
      <UniqueIdentifier>{6ccb89e3-75c6-4d8f-83a4-5efeaf64c7e2}</UniqueIdentifier>
    </Filter>
    <Filter Include="Source Files\Combat">
      <UniqueIdentifier>{5e2a91c4-7b63-4d18-9f02-6a1d4c3b8e57}</UniqueIdentifier>
    </Filter>
    <Filter Include="Header Files\Combat">
      <UniqueIdentifier>{a71f38d9-0c46-4b52-8e37-2d95f6a1b0c8}</UniqueIdentifier>
    </Filter>
    <Filter Include="Source Files\Oob">
      <UniqueIdentifier>{3c9a17e2-51b6-4a0f-9d3e-7a2b6f1c0e44}</UniqueIdentifier>
    </Filter>
    <Filter Include="Header Files\Oob">
      <UniqueIdentifier>{8d41b0c7-2e59-4f13-b6a8-5c0d9e2f7a31}</UniqueIdentifier>
    </Filter>
    <Filter Include="Source Files\Gui">
      <UniqueIdentifier>{c6cda800-c1e7-4d12-86da-db44641b7c91}</UniqueIdentifier>
    </Filter>
    <Filter Include="Source Files\Gui\Pages">
      <UniqueIdentifier>{ba1fe06f-2ecb-4659-ad74-d799a76a59b4}</UniqueIdentifier>
    </Filter>
    <Filter Include="Source Files\Gui\Pages\Main">
      <UniqueIdentifier>{a8735aa7-565f-442a-8964-cc20ee0519b8}</UniqueIdentifier>
    </Filter>
    <Filter Include="Source Files\Gui\Pages\CountryInfo">
      <UniqueIdentifier>{f01ab378-1875-4eab-b0bf-a28bfe1529dc}</UniqueIdentifier>
    </Filter>
    <Filter Include="Source Files\Gui\Pages\GameInfo">
      <UniqueIdentifier>{4b3b4e42-ed11-48a0-81c4-adfe6e4ce552}</UniqueIdentifier>
    </Filter>
    <Filter Include="Source Files\Gui\Pages\Inspector">
      <UniqueIdentifier>{0c4f0174-9209-44dc-8739-fcec1e74c93d}</UniqueIdentifier>
    </Filter>
    <Filter Include="Source Files\Gui\Pages\Stats">
      <UniqueIdentifier>{3c99ddd9-46da-4fd7-a951-0ce89ad8c247}</UniqueIdentifier>
    </Filter>
    <Filter Include="Source Files\Gui\Pages\Options">
      <UniqueIdentifier>{acf2a01f-9e2e-49d6-8c98-e5ed30f678a4}</UniqueIdentifier>
    </Filter>
    <Filter Include="Source Files\Gui\Pages\Help">
      <UniqueIdentifier>{b27ebcd5-5934-4f17-a415-80c5c5b8c35e}</UniqueIdentifier>
    </Filter>
    <Filter Include="Source Files\Gui\Pages\Debug">
      <UniqueIdentifier>{b140accc-c4dd-47ca-b5cd-8b90989596e8}</UniqueIdentifier>
    </Filter>
    <Filter Include="Header Files\Gui">
      <UniqueIdentifier>{2ebfa1e0-2127-4059-95b5-1d948a327340}</UniqueIdentifier>
    </Filter>
  </ItemGroup>
  <ItemGroup>
    <ClCompile Include="bice.cpp">
      <Filter>Source Files</Filter>
    </ClCompile>
    <ClCompile Include="Hooks\CArmyHooks.cpp">
      <Filter>Source Files\Hooks</Filter>
    </ClCompile>
    <ClCompile Include="Hooks\CLeaderHooks.cpp">
      <Filter>Source Files\Hooks</Filter>
    </ClCompile>
    <ClCompile Include="Hooks\Hooks.cpp">
      <Filter>Source Files\Hooks</Filter>
    </ClCompile>
    <ClCompile Include="utils.cpp">
      <Filter>Source Files</Filter>
    </ClCompile>
    <ClCompile Include="Patches.cpp">
      <Filter>Source Files</Filter>
    </ClCompile>
    <ClCompile Include="Hooks\HookedPatches.cpp">
      <Filter>Source Files\Hooks</Filter>
    </ClCompile>
    <ClCompile Include="Hooks\CNavyHooks.cpp">
      <Filter>Source Files\Hooks</Filter>
    </ClCompile>
    <ClCompile Include="GameClasses\CCountry.cpp">
      <Filter>Source Files\GameClasses</Filter>
    </ClCompile>
    <ClCompile Include="GameClasses\CUnit.cpp">
      <Filter>Source Files\GameClasses</Filter>
    </ClCompile>
    <ClCompile Include="GameClasses\CSubUnitDefinition.cpp">
      <Filter>Source Files\GameClasses</Filter>
    </ClCompile>
    <ClCompile Include="GameClasses\CTerrain.cpp">
      <Filter>Source Files\GameClasses</Filter>
    </ClCompile>
    <ClCompile Include="Hooks\ConstructorHooks.cpp">
      <Filter>Source Files\Hooks</Filter>
    </ClCompile>
    <ClCompile Include="GameClasses\CMapProvince.cpp">
      <Filter>Source Files\GameClasses</Filter>
    </ClCompile>
    <ClCompile Include="GameClasses\CLeader.cpp">
      <Filter>Source Files\GameClasses</Filter>
    </ClCompile>
    <ClCompile Include="MemScan.cpp">
      <Filter>Source Files</Filter>
    </ClCompile>
    <ClCompile Include="Gui\LuaBridge.cpp">
      <Filter>Source Files\Gui</Filter>
    </ClCompile>
    <ClCompile Include="Gui\ListBox.cpp">
      <Filter>Source Files\Gui</Filter>
    </ClCompile>
    <ClCompile Include="Gui\TextureCache.cpp">
      <Filter>Source Files\Gui</Filter>
    </ClCompile>
    <ClCompile Include="Gui\PageRegistry.cpp">
      <Filter>Source Files\Gui</Filter>
    </ClCompile>
    <ClCompile Include="Gui\CountrySelection.cpp">
      <Filter>Source Files\Gui</Filter>
    </ClCompile>
    <ClCompile Include="Gui\Warmup.cpp">
      <Filter>Source Files\Gui</Filter>
    </ClCompile>
    <ClCompile Include="Gui\TextureStats.cpp">
      <Filter>Source Files\Gui</Filter>
    </ClCompile>
    <ClCompile Include="Gui\Pages\Main\MiscPage.cpp">
      <Filter>Source Files\Gui\Pages\Main</Filter>
    </ClCompile>
    <ClCompile Include="Gui\Pages\Main\SetupPage.cpp">
      <Filter>Source Files\Gui\Pages\Main</Filter>
    </ClCompile>
    <ClCompile Include="Gui\Pages\Main\SpecialPage.cpp">
      <Filter>Source Files\Gui\Pages\Main</Filter>
    </ClCompile>
    <ClCompile Include="Gui\Pages\Inspector\CombatReportsPage.cpp">
      <Filter>Source Files\Gui\Pages\Inspector</Filter>
    </ClCompile>
    <ClCompile Include="Gui\Pages\CountryInfo\CountryInfoPage.cpp">
      <Filter>Source Files\Gui\Pages\CountryInfo</Filter>
    </ClCompile>
    <ClCompile Include="Gui\Pages\CountryInfo\ICDaysPage.cpp">
      <Filter>Source Files\Gui\Pages\CountryInfo</Filter>
    </ClCompile>
    <ClCompile Include="Gui\Pages\CountryInfo\LsSlidersAiPage.cpp">
      <Filter>Source Files\Gui\Pages\CountryInfo</Filter>
    </ClCompile>
    <ClCompile Include="Gui\Pages\CountryInfo\MinisterBuildingsPage.cpp">
      <Filter>Source Files\Gui\Pages\CountryInfo</Filter>
    </ClCompile>
    <ClCompile Include="Gui\Pages\CountryInfo\NatFocusPage.cpp">
      <Filter>Source Files\Gui\Pages\CountryInfo</Filter>
    </ClCompile>
    <ClCompile Include="Gui\Pages\CountryInfo\ProdSlidersAiPage.cpp">
      <Filter>Source Files\Gui\Pages\CountryInfo</Filter>
    </ClCompile>
    <ClCompile Include="Gui\Pages\CountryInfo\PuppetsPage.cpp">
      <Filter>Source Files\Gui\Pages\CountryInfo</Filter>
    </ClCompile>
    <ClCompile Include="Gui\Pages\CountryInfo\StratResourcesPage.cpp">
      <Filter>Source Files\Gui\Pages\CountryInfo</Filter>
    </ClCompile>
    <ClCompile Include="Gui\Pages\CountryInfo\TradeAiPage.cpp">
      <Filter>Source Files\Gui\Pages\CountryInfo</Filter>
    </ClCompile>
    <ClCompile Include="Gui\Pages\CountryInfo\TradesPages.cpp">
      <Filter>Source Files\Gui\Pages\CountryInfo</Filter>
    </ClCompile>
    <ClCompile Include="Gui\Pages\GameInfo\GeneralsPage.cpp">
      <Filter>Source Files\Gui\Pages\GameInfo</Filter>
    </ClCompile>
    <ClCompile Include="Gui\Pages\GameInfo\ModifiersPage.cpp">
      <Filter>Source Files\Gui\Pages\GameInfo</Filter>
    </ClCompile>
    <ClCompile Include="Gui\Pages\GameInfo\TechsPage.cpp">
      <Filter>Source Files\Gui\Pages\GameInfo</Filter>
    </ClCompile>
    <ClCompile Include="Gui\Pages\GameInfo\TraitsPage.cpp">
      <Filter>Source Files\Gui\Pages\GameInfo</Filter>
    </ClCompile>
    <ClCompile Include="Gui\Pages\GameInfo\UnitModelsPage.cpp">
      <Filter>Source Files\Gui\Pages\GameInfo</Filter>
    </ClCompile>
    <ClCompile Include="Gui\Pages\GameInfo\UnitsPage.cpp">
      <Filter>Source Files\Gui\Pages\GameInfo</Filter>
    </ClCompile>
    <ClCompile Include="Gui\Pages\Inspector\FlagsAndVarsPages.cpp">
      <Filter>Source Files\Gui\Pages\Inspector</Filter>
    </ClCompile>
    <ClCompile Include="Gui\Pages\Inspector\InspectorPage.cpp">
      <Filter>Source Files\Gui\Pages\Inspector</Filter>
    </ClCompile>
    <ClCompile Include="Gui\Pages\Inspector\OobBrowserPage.cpp">
      <Filter>Source Files\Gui\Pages\Inspector</Filter>
    </ClCompile>
    <ClCompile Include="Gui\Pages\Inspector\OobReportPage.cpp">
      <Filter>Source Files\Gui\Pages\Inspector</Filter>
    </ClCompile>
    <ClCompile Include="Oob\OrderOfBattle.cpp">
      <Filter>Source Files\Oob</Filter>
    </ClCompile>
    <ClCompile Include="Combat\CombatLog.cpp">
      <Filter>Source Files\Combat</Filter>
    </ClCompile>
    <ClCompile Include="Combat\CombatStore.cpp">
      <Filter>Source Files\Combat</Filter>
    </ClCompile>
    <ClCompile Include="Hooks\CCombatHooks.cpp">
      <Filter>Source Files\Hooks</Filter>
    </ClCompile>
    <ClCompile Include="Gui\Pages\Inspector\ProvinceBuildingsPage.cpp">
      <Filter>Source Files\Gui\Pages\Inspector</Filter>
    </ClCompile>
    <ClCompile Include="Gui\Pages\Stats\StatsPages.cpp">
      <Filter>Source Files\Gui\Pages\Stats</Filter>
    </ClCompile>
    <ClCompile Include="Gui\Pages\Options\OptionsPage.cpp">
      <Filter>Source Files\Gui\Pages\Options</Filter>
    </ClCompile>
    <ClCompile Include="Gui\Pages\Help\HelpPages.cpp">
      <Filter>Source Files\Gui\Pages\Help</Filter>
    </ClCompile>
    <ClCompile Include="Gui\Pages\Debug\ConsolePage.cpp">
      <Filter>Source Files\Gui\Pages\Debug</Filter>
    </ClCompile>
    <ClCompile Include="Gui\Pages\Debug\MemoryPage.cpp">
      <Filter>Source Files\Gui\Pages\Debug</Filter>
    </ClCompile>
    <ClCompile Include="Gui\Pages\Debug\ThreadCheckPage.cpp">
      <Filter>Source Files\Gui\Pages\Debug</Filter>
    </ClCompile>
    <ClCompile Include="Gui\Pages\Debug\TimingPage.cpp">
      <Filter>Source Files\Gui\Pages\Debug</Filter>
    </ClCompile>
  </ItemGroup>
  <ItemGroup>
    <ClInclude Include="HoiDataStructures.hpp">
      <Filter>Header Files</Filter>
    </ClInclude>
    <ClInclude Include="Hooks\Hooks.hpp">
      <Filter>Header Files\Hooks</Filter>
    </ClInclude>
    <ClInclude Include="Hooks\CLeaderHooks.hpp">
      <Filter>Header Files\Hooks</Filter>
    </ClInclude>
    <ClInclude Include="utils.hpp">
      <Filter>Header Files</Filter>
    </ClInclude>
    <ClInclude Include="Hooks\CArmyHooks.hpp">
      <Filter>Header Files\Hooks</Filter>
    </ClInclude>
    <ClInclude Include="Hooks\HookedPatches.hpp">
      <Filter>Header Files\Hooks</Filter>
    </ClInclude>
    <ClInclude Include="GameClasses\CCountry.hpp">
      <Filter>Header Files\GameClasses</Filter>
    </ClInclude>
    <ClInclude Include="GameClasses\CSubUnitDefinition.hpp">
      <Filter>Header Files\GameClasses</Filter>
    </ClInclude>
    <ClInclude Include="GameClasses\CUnit.hpp">
      <Filter>Header Files\GameClasses</Filter>
    </ClInclude>
    <ClInclude Include="GameClasses\CTerrain.hpp">
      <Filter>Header Files\GameClasses</Filter>
    </ClInclude>
    <ClInclude Include="Hooks\ConstructorHooks.hpp">
      <Filter>Header Files\Hooks</Filter>
    </ClInclude>
    <ClInclude Include="GameClasses\CMapProvince.hpp">
      <Filter>Header Files\GameClasses</Filter>
    </ClInclude>
    <ClInclude Include="GameClasses\CLeader.hpp">
      <Filter>Header Files\GameClasses</Filter>
    </ClInclude>
    <ClInclude Include="MemScan.hpp">
      <Filter>Header Files</Filter>
    </ClInclude>
    <ClInclude Include="Gui\GuiPage.hpp">
      <Filter>Header Files\Gui</Filter>
    </ClInclude>
    <ClInclude Include="Gui\LuaBridge.hpp">
      <Filter>Header Files\Gui</Filter>
    </ClInclude>
    <ClInclude Include="Gui\ListBox.hpp">
      <Filter>Header Files\Gui</Filter>
    </ClInclude>
    <ClInclude Include="Gui\TextureCache.hpp">
      <Filter>Header Files\Gui</Filter>
    </ClInclude>
    <ClInclude Include="Gui\CountrySelection.hpp">
      <Filter>Header Files\Gui</Filter>
    </ClInclude>
    <ClInclude Include="Gui\Warmup.hpp">
      <Filter>Header Files\Gui</Filter>
    </ClInclude>
    <ClInclude Include="Gui\TextureStats.hpp">
      <Filter>Header Files\Gui</Filter>
    </ClInclude>
    <ClInclude Include="Oob\OrderOfBattle.hpp">
      <Filter>Header Files\Oob</Filter>
    </ClInclude>
    <ClInclude Include="Combat\CombatLog.hpp">
      <Filter>Header Files\Combat</Filter>
    </ClInclude>
    <ClInclude Include="Combat\CombatStore.hpp">
      <Filter>Header Files\Combat</Filter>
    </ClInclude>
    <ClInclude Include="Hooks\CCombatHooks.hpp">
      <Filter>Header Files\Hooks</Filter>
    </ClInclude>
  </ItemGroup>
  <ItemGroup>
    <None Include="Hooks\CNavyHooks.hpp">
      <Filter>Header Files\Hooks</Filter>
    </None>
  </ItemGroup>
</Project>