<?xml version="1.0" encoding="utf-8"?>
<Project ToolsVersion="4.0" xmlns="http://schemas.microsoft.com/developer/msbuild/2003">
  <ItemGroup>
    <Filter Include="Source Files">
      <UniqueIdentifier>{4FC737F1-C7A5-4376-A066-2A32D752A2FF}</UniqueIdentifier>
      <Extensions>cpp;c;cc;cxx;c++;cppm;ixx;def;odl;idl;hpj;bat;asm;asmx</Extensions>
    </Filter>
    <Filter Include="Header Files">
      <UniqueIdentifier>{93995380-89BD-4b04-88EB-625FBE52EBFB}</UniqueIdentifier>
      <Extensions>h;hh;hpp;hxx;h++;hm;inl;inc;ipp;xsd</Extensions>
    </Filter>
    <Filter Include="Resource Files">
      <UniqueIdentifier>{67DA6AB6-F800-4c08-8B7A-83BB121AAD01}</UniqueIdentifier>
      <Extensions>rc;ico;cur;bmp;dlg;rc2;rct;bin;rgs;gif;jpg;jpeg;jpe;resx;tiff;tif;png;wav;mfcribbon-ms</Extensions>
    </Filter>
    <Filter Include="Header Files\Hooks">
      <UniqueIdentifier>{76f0cfc7-31a0-4d15-89ab-5033485dec7b}</UniqueIdentifier>
    </Filter>
    <Filter Include="Source Files\Hooks">
      <UniqueIdentifier>{59df28c4-53d9-4c57-9684-5ae7c4d7c766}</UniqueIdentifier>
    </Filter>
    <Filter Include="Header Files\GameClasses">
      <UniqueIdentifier>{b170706a-eca6-44b8-84d0-10e7904e3503}</UniqueIdentifier>
    </Filter>
    <Filter Include="Source Files\GameClasses">
      <UniqueIdentifier>{6ccb89e3-75c6-4d8f-83a4-5efeaf64c7e2}</UniqueIdentifier>
    </Filter>
  </ItemGroup>
  <ItemGroup>
    <ClCompile Include="bice.cpp">
      <Filter>Source Files</Filter>
    </ClCompile>
    <ClCompile Include="Patches.hpp">
      <Filter>Header Files</Filter>
    </ClCompile>
    <ClCompile Include="Hooks\CArmyHooks.cpp">
      <Filter>Source Files\Hooks</Filter>
    </ClCompile>
    <ClCompile Include="Hooks\CLeaderHooks.cpp">
      <Filter>Source Files\Hooks</Filter>
    </ClCompile>
    <ClCompile Include="Hooks\Hooks.cpp">
      <Filter>Source Files\Hooks</Filter>
    </ClCompile>
    <ClCompile Include="utils.cpp">
      <Filter>Source Files</Filter>
    </ClCompile>
    <ClCompile Include="Patches.cpp">
      <Filter>Source Files</Filter>
    </ClCompile>
    <ClCompile Include="Hooks\HookedPatches.cpp">
      <Filter>Source Files\Hooks</Filter>
    </ClCompile>
    <ClCompile Include="Hooks\CNavyHooks.cpp">
      <Filter>Source Files\Hooks</Filter>
    </ClCompile>
    <ClCompile Include="GameClasses\CCountry.cpp">
      <Filter>Source Files\GameClasses</Filter>
    </ClCompile>
    <ClCompile Include="GameClasses\CUnit.cpp">
      <Filter>Source Files\GameClasses</Filter>
    </ClCompile>
    <ClCompile Include="GameClasses\CSubUnitDefinition.cpp">
      <Filter>Source Files\GameClasses</Filter>
    </ClCompile>
    <ClCompile Include="GameClasses\CTerrain.cpp">
      <Filter>Source Files\GameClasses</Filter>
    </ClCompile>
    <ClCompile Include="Hooks\ConstructorHooks.cpp">
      <Filter>Source Files\Hooks</Filter>
    </ClCompile>
    <ClCompile Include="GameClasses\CMapProvince.cpp">
      <Filter>Source Files\GameClasses</Filter>
    </ClCompile>
    <ClCompile Include="GameClasses\CLeader.cpp">
      <Filter>Source Files\GameClasses</Filter>
    </ClCompile>
  </ItemGroup>
  <ItemGroup>
    <ClInclude Include="HoiDataStructures.hpp">
      <Filter>Header Files</Filter>
    </ClInclude>
    <ClInclude Include="Hooks\Hooks.hpp">
      <Filter>Header Files\Hooks</Filter>
    </ClInclude>
    <ClInclude Include="Hooks\CLeaderHooks.hpp">
      <Filter>Header Files\Hooks</Filter>
    </ClInclude>
    <ClInclude Include="utils.hpp">
      <Filter>Header Files</Filter>
    </ClInclude>
    <ClInclude Include="Hooks\CArmyHooks.hpp">
      <Filter>Header Files\Hooks</Filter>
    </ClInclude>
    <ClInclude Include="Hooks\HookedPatches.hpp">
      <Filter>Header Files\Hooks</Filter>
    </ClInclude>
    <ClInclude Include="GameClasses\CCountry.hpp">
      <Filter>Header Files\GameClasses</Filter>
    </ClInclude>
    <ClInclude Include="GameClasses\CSubUnitDefinition.hpp">
      <Filter>Header Files\GameClasses</Filter>
    </ClInclude>
    <ClInclude Include="GameClasses\CUnit.hpp">
      <Filter>Header Files\GameClasses</Filter>
    </ClInclude>
    <ClInclude Include="GameClasses\CTerrain.hpp">
      <Filter>Header Files\GameClasses</Filter>
    </ClInclude>
    <ClInclude Include="Hooks\ConstructorHooks.hpp">
      <Filter>Header Files\Hooks</Filter>
    </ClInclude>
    <ClInclude Include="GameClasses\CMapProvince.hpp">
      <Filter>Header Files\GameClasses</Filter>
    </ClInclude>
    <ClInclude Include="GameClasses\CLeader.hpp">
      <Filter>Header Files\GameClasses</Filter>
    </ClInclude>
  </ItemGroup>
  <ItemGroup>
    <None Include="Hooks\CNavyHooks.hpp">
      <Filter>Header Files\Hooks</Filter>
    </None>
  </ItemGroup>
</Project>